
Microsoft Visual Studio Solution File, Format Version 12.00
# Visual Studio Version 17
VisualStudioVersion = 17.3.32825.248
MinimumVisualStudioVersion = 10.0.40219.1
Project("{9A19103F-16F7-4668-BE54-9A1E7A4F7556}") = "DesafioPwC", "DesafioPwC.csproj", "{ADDCFDEE-CA5A-4296-BB07-8FC29AB70A64}"
EndProject
Global
	GlobalSection(SolutionConfigurationPlatforms) = preSolution
		Debug|Any CPU = Debug|Any CPU
		Release|Any CPU = Release|Any CPU
	EndGlobalSection
	GlobalSection(ProjectConfigurationPlatforms) = postSolution
		{ADDCFDEE-CA5A-4296-BB07-8FC29AB70A64}.Debug|Any CPU.ActiveCfg = Debug|Any CPU
		{ADDCFDEE-CA5A-4296-BB07-8FC29AB70A64}.Debug|Any CPU.Build.0 = Debug|Any CPU
		{ADDCFDEE-CA5A-4296-BB07-8FC29AB70A64}.Release|Any CPU.ActiveCfg = Release|Any CPU
		{ADDCFDEE-CA5A-4296-BB07-8FC29AB70A64}.Release|Any CPU.Build.0 = Release|Any CPU
	EndGlobalSection
	GlobalSection(SolutionProperties) = preSolution
		HideSolutionNode = FALSE
	EndGlobalSection
	GlobalSection(ExtensibilityGlobals) = postSolution
		SolutionGuid = {837E054A-2D87-431B-AD3E-0282A69477DE}
	EndGlobalSection
EndGlobal
